
Microsoft Visual Studio Solution File, Format Version 12.00
# Visual Studio Version 17
VisualStudioVersion = 17.11.35327.3
MinimumVisualStudioVersion = 10.0.40219.1
Project("{FAE04EC0-301F-11D3-BF4B-00C04F79EFBC}") = "tumakov", "tumakov\tumakov.csproj", "{65FE5752-F055-481A-B848-BA268E3F3ADA}"
EndProject
Project("{FAE04EC0-301F-11D3-BF4B-00C04F79EFBC}") = "test", "test\test.csproj", "{84E3554A-81DB-4204-88F0-7392FDBA087C}"
EndProject
Global
	GlobalSection(SolutionConfigurationPlatforms) = preSolution
		Debug|Any CPU = Debug|Any CPU
		Release|Any CPU = Release|Any CPU
	EndGlobalSection
	GlobalSection(ProjectConfigurationPlatforms) = postSolution
		{65FE5752-F055-481A-B848-BA268E3F3ADA}.Debug|Any CPU.ActiveCfg = Debug|Any CPU
		{65FE5752-F055-481A-B848-BA268E3F3ADA}.Debug|Any CPU.Build.0 = Debug|Any CPU
		{65FE5752-F055-481A-B848-BA268E3F3ADA}.Release|Any CPU.ActiveCfg = Release|Any CPU
		{65FE5752-F055-481A-B848-BA268E3F3ADA}.Release|Any CPU.Build.0 = Release|Any CPU
		{84E3554A-81DB-4204-88F0-7392FDBA087C}.Debug|Any CPU.ActiveCfg = Debug|Any CPU
		{84E3554A-81DB-4204-88F0-7392FDBA087C}.Debug|Any CPU.Build.0 = Debug|Any CPU
		{84E3554A-81DB-4204-88F0-7392FDBA087C}.Release|Any CPU.ActiveCfg = Release|Any CPU
		{84E3554A-81DB-4204-88F0-7392FDBA087C}.Release|Any CPU.Build.0 = Release|Any CPU
	EndGlobalSection
	GlobalSection(SolutionProperties) = preSolution
		HideSolutionNode = FALSE
	EndGlobalSection
	GlobalSection(ExtensibilityGlobals) = postSolution
		SolutionGuid = {408B2F40-44F6-46FC-8CB8-A43F45B907CD}
	EndGlobalSection
EndGlobal
